
Microsoft Visual Studio Solution File, Format Version 12.00
# Visual Studio Version 16
VisualStudioVersion = 16.0.30503.244
MinimumVisualStudioVersion = 10.0.40219.1
Project("{FAE04EC0-301F-11D3-BF4B-00C04F79EFBC}") = "16032021", "16032021.csproj", "{4EA571C2-4A8C-4815-8340-F41E63B87FD1}"
EndProject
Global
	GlobalSection(SolutionConfigurationPlatforms) = preSolution
		Debug|Any CPU = Debug|Any CPU
		Release|Any CPU = Release|Any CPU
	EndGlobalSection
	GlobalSection(ProjectConfigurationPlatforms) = postSolution
		{4EA571C2-4A8C-4815-8340-F41E63B87FD1}.Debug|Any CPU.ActiveCfg = Debug|Any CPU
		{4EA571C2-4A8C-4815-8340-F41E63B87FD1}.Debug|Any CPU.Build.0 = Debug|Any CPU
		{4EA571C2-4A8C-4815-8340-F41E63B87FD1}.Release|Any CPU.ActiveCfg = Release|Any CPU
		{4EA571C2-4A8C-4815-8340-F41E63B87FD1}.Release|Any CPU.Build.0 = Release|Any CPU
	EndGlobalSection
	GlobalSection(SolutionProperties) = preSolution
		HideSolutionNode = FALSE
	EndGlobalSection
	GlobalSection(ExtensibilityGlobals) = postSolution
		SolutionGuid = {FE765EBD-5AA5-469C-B4A0-9F8F3C1172E9}
	EndGlobalSection
EndGlobal
